
Microsoft Visual Studio Solution File, Format Version 12.00
# Visual Studio Version 17
VisualStudioVersion = 17.14.36518.9 d17.14
MinimumVisualStudioVersion = 10.0.40219.1
Project("{FAE04EC0-301F-11D3-BF4B-00C04F79EFBC}") = "TexCompiler", "TexCompiler.csproj", "{96A121C3-48E4-4888-8574-84EC66ED7557}"
EndProject
Global
	GlobalSection(SolutionConfigurationPlatforms) = preSolution
		Debug|Any CPU = Debug|Any CPU
		Release|Any CPU = Release|Any CPU
	EndGlobalSection
	GlobalSection(ProjectConfigurationPlatforms) = postSolution
		{96A121C3-48E4-4888-8574-84EC66ED7557}.Debug|Any CPU.ActiveCfg = Debug|Any CPU
		{96A121C3-48E4-4888-8574-84EC66ED7557}.Debug|Any CPU.Build.0 = Debug|Any CPU
		{96A121C3-48E4-4888-8574-84EC66ED7557}.Release|Any CPU.ActiveCfg = Release|Any CPU
		{96A121C3-48E4-4888-8574-84EC66ED7557}.Release|Any CPU.Build.0 = Release|Any CPU
	EndGlobalSection
	GlobalSection(SolutionProperties) = preSolution
		HideSolutionNode = FALSE
	EndGlobalSection
	GlobalSection(ExtensibilityGlobals) = postSolution
		SolutionGuid = {A5592E4A-01DF-420B-91DA-7D605B3C7260}
	EndGlobalSection
EndGlobal
